[[package]]
category = "main"
description = "Easily serialize dataclasses to and from JSON"
name = "dataclasses-json"
optional = false
python-versions = ">=3.6"
version = "0.5.2"

[package.dependencies]
marshmallow = ">=3.3.0,<4.0.0"
marshmallow-enum = ">=1.5.1,<2.0.0"
stringcase = "1.2.0"
typing-inspect = ">=0.4.0"

[package.extras]
dev = ["pytest", "ipython", "mypy (>=0.710)", "hypothesis", "portray", "flake8", "simplejson"]

[[package]]
category = "main"
description = "A lightweight library for converting complex datatypes to and from native Python datatypes."
name = "marshmallow"
optional = false
python-versions = ">=3.5"
version = "3.9.1"

[package.extras]
dev = ["pytest", "pytz", "simplejson", "mypy (0.790)", "flake8 (3.8.4)", "flake8-bugbear (20.1.4)", "pre-commit (>=2.4,<3.0)", "tox"]
docs = ["sphinx (3.3.0)", "sphinx-issues (1.2.0)", "alabaster (0.7.12)", "sphinx-version-warning (1.1.2)", "autodocsumm (0.2.1)"]
lint = ["mypy (0.790)", "flake8 (3.8.4)", "flake8-bugbear (20.1.4)", "pre-commit (>=2.4,<3.0)"]
tests = ["pytest", "pytz", "simplejson"]

[[package]]
category = "main"
description = "Enum field for Marshmallow"
name = "marshmallow-enum"
optional = false
python-versions = "*"
version = "1.5.1"

[package.dependencies]
marshmallow = ">=2.0.0"

[[package]]
category = "main"
description = "Experimental type system extensions for programs checked with the mypy typechecker."
name = "mypy-extensions"
optional = false
python-versions = "*"
version = "0.4.3"

[[package]]
category = "main"
description = "String case converter."
name = "stringcase"
optional = false
python-versions = "*"
version = "1.2.0"

[[package]]
category = "main"
description = "Backported and Experimental Type Hints for Python 3.5+"
name = "typing-extensions"
optional = false
python-versions = "*"
version = "3.7.4.3"

[[package]]
category = "main"
description = "Runtime inspection utilities for typing module."
name = "typing-inspect"
optional = false
python-versions = "*"
version = "0.6.0"

[package.dependencies]
mypy-extensions = ">=0.3.0"
typing-extensions = ">=3.7.4"

[metadata]
content-hash = "2ea881c46ac69f70551db47481639f6a421dbac3a0eb7e3131ebfaad4c21a015"
python-versions = "^3.8"

[metadata.files]
dataclasses-json = [
    {file = "dataclasses-json-0.5.2.tar.gz", hash = "sha256:56ec931959ede74b5dedf65cf20772e6a79764d20c404794cce0111c88c085ff"},
    {file = "dataclasses_json-0.5.2-py3-none-any.whl", hash = "sha256:b746c48d9d8e884e2a0ffa59c6220a1b21f94d4f9f12c839da0a8a0efd36dc19"},
]
marshmallow = [
    {file = "marshmallow-3.9.1-py2.py3-none-any.whl", hash = "sha256:e26763201474b588d144dae9a32bdd945cd26a06c943bc746a6882e850475378"},
    {file = "marshmallow-3.9.1.tar.gz", hash = "sha256:73facc37462dfc0b27f571bdaffbef7709e19f7a616beb3802ea425b07843f4e"},
]
marshmallow-enum = [
    {file = "marshmallow-enum-1.5.1.tar.gz", hash = "sha256:38e697e11f45a8e64b4a1e664000897c659b60aa57bfa18d44e226a9920b6e58"},
    {file = "marshmallow_enum-1.5.1-py2.py3-none-any.whl", hash = "sha256:57161ab3dbfde4f57adeb12090f39592e992b9c86d206d02f6bd03ebec60f072"},
]
mypy-extensions = [
    {file = "mypy_extensions-0.4.3-py2.py3-none-any.whl", hash = "sha256:090fedd75945a69ae91ce1303b5824f428daf5a028d2f6ab8a299250a846f15d"},
    {file = "mypy_extensions-0.4.3.tar.gz", hash = "sha256:2d82818f5bb3e369420cb3c4060a7970edba416647068eb4c5343488a6c604a8"},
]
stringcase = [
    {file = "stringcase-1.2.0.tar.gz", hash = "sha256:48a06980661908efe8d9d34eab2b6c13aefa2163b3ced26972902e3bdfd87008"},
]
typing-extensions = [
    {file = "typing_extensions-3.7.4.3-py2-none-any.whl", hash = "sha256:dafc7639cde7f1b6e1acc0f457842a83e722ccca8eef5270af2d74792619a89f"},
    {file = "typing_extensions-3.7.4.3-py3-none-any.whl", hash = "sha256:7cb407020f00f7bfc3cb3e7881628838e69d8f3fcab2f64742a5e76b2f841918"},
    {file = "typing_extensions-3.7.4.3.tar.gz", hash = "sha256:99d4073b617d30288f569d3f13d2bd7548c3a7e4c8de87db09a9d29bb3a4a60c"},
]
typing-inspect = [
    {file = "typing_inspect-0.6.0-py2-none-any.whl", hash = "sha256:de08f50a22955ddec353876df7b2545994d6df08a2f45d54ac8c05e530372ca0"},
    {file = "typing_inspect-0.6.0-py3-none-any.whl", hash = "sha256:3b98390df4d999a28cf5b35d8b333425af5da2ece8a4ea9e98f71e7591347b4f"},
    {file = "typing_inspect-0.6.0.tar.gz", hash = "sha256:8f1b1dd25908dbfd81d3bebc218011531e7ab614ba6e5bf7826d887c834afab7"},
]
